<?xml version="1.0" encoding="utf-8"?>
<Project ToolsVersion="4.0" xmlns="http://schemas.microsoft.com/developer/msbuild/2003">
  <ItemGroup>
    <Filter Include="Source Files">
      <UniqueIdentifier>{792ef6b6-8c57-4e93-bb9a-ccd5d1911226}</UniqueIdentifier>
      <Extensions>cpp;c;cxx;rc;def;r;odl;idl;hpj;bat</Extensions>
    </Filter>
    <Filter Include="Header Files">
      <UniqueIdentifier>{d4054f9f-e5ac-4006-a4a8-662121d53389}</UniqueIdentifier>
      <Extensions>h;hpp;hxx;hm;inl</Extensions>
    </Filter>
    <Filter Include="Resource Files">
      <UniqueIdentifier>{760e9828-ff09-43e5-8bdc-3a9cfe95ddc4}</UniqueIdentifier>
      <Extensions>ico;cur;bmp;dlg;rc2;rct;bin;rgs;gif;jpg;jpeg;jpe</Extensions>
    </Filter>
  </ItemGroup>
  <ItemGroup>
    <ClCompile Include="..\src\charset.c">
      <Filter>Source Files</Filter>
    </ClCompile>
    <ClCompile Include="..\src\jymain.c">
      <Filter>Source Files</Filter>
    </ClCompile>
    <ClCompile Include="..\src\luafun.c">
      <Filter>Source Files</Filter>
    </ClCompile>
    <ClCompile Include="..\src\mainmap.c">
      <Filter>Source Files</Filter>
    </ClCompile>
    <ClCompile Include="..\src\piccache.c">
      <Filter>Source Files</Filter>
    </ClCompile>
    <ClCompile Include="..\src\sdlfun.c">
      <Filter>Source Files</Filter>
    </ClCompile>
  </ItemGroup>
  <ItemGroup>
    <ClInclude Include="..\src\config.h">
      <Filter>Header Files</Filter>
    </ClInclude>
    <ClInclude Include="..\src\jymain.h">
      <Filter>Header Files</Filter>
    </ClInclude>
    <ClInclude Include="..\src\luafun.h">
      <Filter>Header Files</Filter>
    </ClInclude>
  </ItemGroup>
  <ItemGroup>
    <Library Include="..\Lua\lib\lua52.lib" />
    <Library Include="..\Bass\lib\bass.lib" />
    <Library Include="..\Bass\lib\bassmidi.lib" />
    <Library Include="..\SDL\lib\SDL2.lib" />
    <Library Include="..\SDL\lib\SDL2_gfx.lib" />
    <Library Include="..\SDL\lib\SDL2_image.lib" />
    <Library Include="..\SDL\lib\SDL2_ttf.lib" />
    <Library Include="..\SDL\lib\SDL2main.lib" />
  </ItemGroup>
  <ItemGroup>
    <Resource Include="game.res">
      <Filter>Resource Files</Filter>
    </Resource>
  </ItemGroup>
</Project>